
Microsoft Visual Studio Solution File, Format Version 12.00
# Visual Studio 15
VisualStudioVersion = 15.0.27130.2003
MinimumVisualStudioVersion = 10.0.40219.1
Project("{FAE04EC0-301F-11D3-BF4B-00C04F79EFBC}") = "Nunana", "Nunana\Nunana.csproj", "{B99C86F0-DC17-4E21-BB8C-D51B58ACE74D}"
EndProject
Global
	GlobalSection(SolutionConfigurationPlatforms) = preSolution
		Debug|Any CPU = Debug|Any CPU
		Release|Any CPU = Release|Any CPU
	EndGlobalSection
	GlobalSection(ProjectConfigurationPlatforms) = postSolution
		{B99C86F0-DC17-4E21-BB8C-D51B58ACE74D}.Debug|Any CPU.ActiveCfg = Debug|Any CPU
		{B99C86F0-DC17-4E21-BB8C-D51B58ACE74D}.Debug|Any CPU.Build.0 = Debug|Any CPU
		{B99C86F0-DC17-4E21-BB8C-D51B58ACE74D}.Release|Any CPU.ActiveCfg = Release|Any CPU
		{B99C86F0-DC17-4E21-BB8C-D51B58ACE74D}.Release|Any CPU.Build.0 = Release|Any CPU
	EndGlobalSection
	GlobalSection(SolutionProperties) = preSolution
		HideSolutionNode = FALSE
	EndGlobalSection
	GlobalSection(ExtensibilityGlobals) = postSolution
		SolutionGuid = {D635E0E0-2E5E-4B79-83B5-196BA85E5C80}
	EndGlobalSection
EndGlobal
